// !$*UTF8*$!
{
	archiveVersion = 1;
	classes = {
	};
	objectVersion = 46;
	objects = {

/* Begin PBXBuildFile section */
		320AA0E61C75562B008D4E08 /* AppDelegate.swift in Sources */ = {isa = PBXBuildFile; fileRef = 320AA0E51C75562B008D4E08 /* AppDelegate.swift */; };
		320AA0E81C75562B008D4E08 /* AnimalView.swift in Sources */ = {isa = PBXBuildFile; fileRef = 320AA0E71C75562B008D4E08 /* AnimalView.swift */; };
		320AA0EB1C75562B008D4E08 /* Main.storyboard in Resources */ = {isa = PBXBuildFile; fileRef = 320AA0E91C75562B008D4E08 /* Main.storyboard */; };
		320AA0ED1C75562B008D4E08 /* Images.xcassets in Resources */ = {isa = PBXBuildFile; fileRef = 320AA0EC1C75562B008D4E08 /* Images.xcassets */; };
		320AA0F01C75562B008D4E08 /* LaunchScreen.xib in Resources */ = {isa = PBXBuildFile; fileRef = 320AA0EE1C75562B008D4E08 /* LaunchScreen.xib */; };
		320AA0FC1C75562B008D4E08 /* MultiTestTests.swift in Sources */ = {isa = PBXBuildFile; fileRef = 320AA0FB1C75562B008D4E08 /* MultiTestTests.swift */; };
		32451E221D98E3BE00CA7099 /* CoreGraphics.framework in Frameworks */ = {isa = PBXBuildFile; fileRef = 32451E211D98E3BE00CA7099 /* CoreGraphics.framework */; };
		32451E241D98E41F00CA7099 /* QuartzCore.framework in Frameworks */ = {isa = PBXBuildFile; fileRef = 32451E231D98E41F00CA7099 /* QuartzCore.framework */; };
/* End PBXBuildFile section */

/* Begin PBXContainerItemProxy section */
		320AA0F61C75562B008D4E08 /* PBXContainerItemProxy */ = {
			isa = PBXContainerItemProxy;
			containerPortal = 320AA0D81C75562B008D4E08 /* Project object */;
			proxyType = 1;
			remoteGlobalIDString = 320AA0DF1C75562B008D4E08;
			remoteInfo = MultiTest;
		};
/* End PBXContainerItemProxy section */

/* Begin PBXFileReference section */
		320AA0E01C75562B008D4E08 /* MultiTest.app */ = {isa = PBXFileReference; explicitFileType = wrapper.application; includeInIndex = 0; path = MultiTest.app; sourceTree = BUILT_PRODUCTS_DIR; };
		320AA0E41C75562B008D4E08 /* Info.plist */ = {isa = PBXFileReference; lastKnownFileType = text.plist.xml; path = Info.plist; sourceTree = "<group>"; };
		320AA0E51C75562B008D4E08 /* AppDelegate.swift */ = {isa = PBXFileReference; lastKnownFileType = sourcecode.swift; path = AppDelegate.swift; sourceTree = "<group>"; };
		320AA0E71C75562B008D4E08 /* AnimalView.swift */ = {isa = PBXFileReference; lastKnownFileType = sourcecode.swift; path = AnimalView.swift; sourceTree = "<group>"; };
		320AA0EA1C75562B008D4E08 /* Base */ = {isa = PBXFileReference; lastKnownFileType = file.storyboard; name = Base; path = Base.lproj/Main.storyboard; sourceTree = "<group>"; };
		320AA0EC1C75562B008D4E08 /* Images.xcassets */ = {isa = PBXFileReference; lastKnownFileType = folder.assetcatalog; path = Images.xcassets; sourceTree = "<group>"; };
		320AA0EF1C75562B008D4E08 /* Base */ = {isa = PBXFileReference; lastKnownFileType = file.xib; name = Base; path = Base.lproj/LaunchScreen.xib; sourceTree = "<group>"; };
		320AA0F51C75562B008D4E08 /* MultiTestTests.xctest */ = {isa = PBXFileReference; explicitFileType = wrapper.cfbundle; includeInIndex = 0; path = MultiTestTests.xctest; sourceTree = BUILT_PRODUCTS_DIR; };
		320AA0FA1C75562B008D4E08 /* Info.plist */ = {isa = PBXFileReference; lastKnownFileType = text.plist.xml; path = Info.plist; sourceTree = "<group>"; };
		320AA0FB1C75562B008D4E08 /* MultiTestTests.swift */ = {isa = PBXFileReference; lastKnownFileType = sourcecode.swift; path = MultiTestTests.swift; sourceTree = "<group>"; };
		32451E211D98E3BE00CA7099 /* CoreGraphics.framework */ = {isa = PBXFileReference; lastKnownFileType = wrapper.framework; name = CoreGraphics.framework; path = System/Library/Frameworks/CoreGraphics.framework; sourceTree = SDKROOT; };
		32451E231D98E41F00CA7099 /* QuartzCore.framework */ = {isa = PBXFileReference; lastKnownFileType = wrapper.framework; name = QuartzCore.framework; path = System/Library/Frameworks/QuartzCore.framework; sourceTree = SDKROOT; };
/* End PBXFileReference section */

/* Begin PBXFrameworksBuildPhase section */
		320AA0DD1C75562B008D4E08 /* Frameworks */ = {
			isa = PBXFrameworksBuildPhase;
			buildActionMask = 2147483647;
			files = (
				32451E241D98E41F00CA7099 /* QuartzCore.framework in Frameworks */,
				32451E221D98E3BE00CA7099 /* CoreGraphics.framework in Frameworks */,
			);
			runOnlyForDeploymentPostprocessing = 0;
		};
		320AA0F21C75562B008D4E08 /* Frameworks */ = {
			isa = PBXFrameworksBuildPhase;
			buildActionMask = 2147483647;
			files = (
			);
			runOnlyForDeploymentPostprocessing = 0;
		};
/* End PBXFrameworksBuildPhase section */

/* Begin PBXGroup section */
		320AA0D71C75562B008D4E08 = {
			isa = PBXGroup;
			children = (
				320AA0E21C75562B008D4E08 /* MultiTest */,
				320AA0F81C75562B008D4E08 /* MultiTestTests */,
				320AA0E11C75562B008D4E08 /* Products */,
				32451E201D98E3BE00CA7099 /* Frameworks */,
			);
			sourceTree = "<group>";
		};
		320AA0E11C75562B008D4E08 /* Products */ = {
			isa = PBXGroup;
			children = (
				320AA0E01C75562B008D4E08 /* MultiTest.app */,
				320AA0F51C75562B008D4E08 /* MultiTestTests.xctest */,
			);
			name = Products;
			sourceTree = "<group>";
		};
		320AA0E21C75562B008D4E08 /* MultiTest */ = {
			isa = PBXGroup;
			children = (
				320AA0E51C75562B008D4E08 /* AppDelegate.swift */,
				320AA0E71C75562B008D4E08 /* AnimalView.swift */,
				320AA0E91C75562B008D4E08 /* Main.storyboard */,
				320AA0EC1C75562B008D4E08 /* Images.xcassets */,
				320AA0EE1C75562B008D4E08 /* LaunchScreen.xib */,
				320AA0E31C75562B008D4E08 /* Supporting Files */,
			);
			path = MultiTest;
			sourceTree = "<group>";
		};
		320AA0E31C75562B008D4E08 /* Supporting Files */ = {
			isa = PBXGroup;
			children = (
				320AA0E41C75562B008D4E08 /* Info.plist */,
			);
			name = "Supporting Files";
			sourceTree = "<group>";
		};
		320AA0F81C75562B008D4E08 /* MultiTestTests */ = {
			isa = PBXGroup;
			children = (
				320AA0FB1C75562B008D4E08 /* MultiTestTests.swift */,
				320AA0F91C75562B008D4E08 /* Supporting Files */,
			);
			path = MultiTestTests;
			sourceTree = "<group>";
		};
		320AA0F91C75562B008D4E08 /* Supporting Files */ = {
			isa = PBXGroup;
			children = (
				320AA0FA1C75562B008D4E08 /* Info.plist */,
			);
			name = "Supporting Files";
			sourceTree = "<group>";
		};
		32451E201D98E3BE00CA7099 /* Frameworks */ = {
			isa = PBXGroup;
			children = (
				32451E231D98E41F00CA7099 /* QuartzCore.framework */,
				32451E211D98E3BE00CA7099 /* CoreGraphics.framework */,
			);
			name = Frameworks;
			sourceTree = "<group>";
		};
/* End PBXGroup section */

/* Begin PBXNativeTarget section */
		320AA0DF1C75562B008D4E08 /* MultiTest */ = {
			isa = PBXNativeTarget;
			buildConfigurationList = 320AA0FF1C75562B008D4E08 /* Build configuration list for PBXNativeTarget "MultiTest" */;
			buildPhases = (
				320AA0DC1C75562B008D4E08 /* Sources */,
				320AA0DD1C75562B008D4E08 /* Frameworks */,
				320AA0DE1C75562B008D4E08 /* Resources */,
			);
			buildRules = (
			);
			dependencies = (
			);
			name = MultiTest;
			productName = MultiTest;
			productReference = 320AA0E01C75562B008D4E08 /* MultiTest.app */;
			productType = "com.apple.product-type.application";
		};
		320AA0F41C75562B008D4E08 /* MultiTestTests */ = {
			isa = PBXNativeTarget;
			buildConfigurationList = 320AA1021C75562B008D4E08 /* Build configuration list for PBXNativeTarget "MultiTestTests" */;
			buildPhases = (
				320AA0F11C75562B008D4E08 /* Sources */,
				320AA0F21C75562B008D4E08 /* Frameworks */,
				320AA0F31C75562B008D4E08 /* Resources */,
			);
			buildRules = (
			);
			dependencies = (
				320AA0F71C75562B008D4E08 /* PBXTargetDependency */,
			);
			name = MultiTestTests;
			productName = MultiTestTests;
			productReference = 320AA0F51C75562B008D4E08 /* MultiTestTests.xctest */;
			productType = "com.apple.product-type.bundle.unit-test";
		};
/* End PBXNativeTarget section */

/* Begin PBXProject section */
		320AA0D81C75562B008D4E08 /* Project object */ = {
			isa = PBXProject;
			attributes = {
				LastSwiftMigration = 0730;
				LastSwiftUpdateCheck = 0730;
				LastUpgradeCheck = 0640;
				ORGANIZATIONNAME = SoKatagiri;
				TargetAttributes = {
					320AA0DF1C75562B008D4E08 = {
						CreatedOnToolsVersion = 6.4;
						LastSwiftMigration = 0800;
						ProvisioningStyle = Automatic;
					};
					320AA0F41C75562B008D4E08 = {
						CreatedOnToolsVersion = 6.4;
						LastSwiftMigration = 0800;
						ProvisioningStyle = Manual;
						TestTargetID = 320AA0DF1C75562B008D4E08;
					};
				};
			};
			buildConfigurationList = 320AA0DB1C75562B008D4E08 /* Build configuration list for PBXProject "MultiTest" */;
			compatibilityVersion = "Xcode 3.2";
			developmentRegion = English;
			hasScannedForEncodings = 0;
			knownRegions = (
				en,
				Base,
			);
			mainGroup = 320AA0D71C75562B008D4E08;
			productRefGroup = 320AA0E11C75562B008D4E08 /* Products */;
			projectDirPath = "";
			projectRoot = "";
			targets = (
				320AA0DF1C75562B008D4E08 /* MultiTest */,
				320AA0F41C75562B008D4E08 /* MultiTestTests */,
			);
		};
/* End PBXProject section */

/* Begin PBXResourcesBuildPhase section */
		320AA0DE1C75562B008D4E08 /* Resources */ = {
			isa = PBXResourcesBuildPhase;
			buildActionMask = 2147483647;
			files = (
				320AA0EB1C75562B008D4E08 /* Main.storyboard in Resources */,
				320AA0F01C75562B008D4E08 /* LaunchScreen.xib in Resources */,
				320AA0ED1C75562B008D4E08 /* Images.xcassets in Resources */,
			);
			runOnlyForDeploymentPostprocessing = 0;
		};
		320AA0F31C75562B008D4E08 /* Resources */ = {
			isa = PBXResourcesBuildPhase;
			buildActionMask = 2147483647;
			files = (
			);
			runOnlyForDeploymentPostprocessing = 0;
		};
/* End PBXResourcesBuildPhase section */

/* Begin PBXSourcesBuildPhase section */
		320AA0DC1C75562B008D4E08 /* Sources */ = {
			isa = PBXSourcesBuildPhase;
			buildActionMask = 2147483647;
			files = (
				320AA0E81C75562B008D4E08 /* AnimalView.swift in Sources */,
				320AA0E61C75562B008D4E08 /* AppDelegate.swift in Sources */,
			);
			runOnlyForDeploymentPostprocessing = 0;
		};
		320AA0F11C75562B008D4E08 /* Sources */ = {
			isa = PBXSourcesBuildPhase;
			buildActionMask = 2147483647;
			files = (
				320AA0FC1C75562B008D4E08 /* MultiTestTests.swift in Sources */,
			);
			runOnlyForDeploymentPostprocessing = 0;
		};
/* End PBXSourcesBuildPhase section */

/* Begin PBXTargetDependency section */
		320AA0F71C75562B008D4E08 /* PBXTargetDependency */ = {
			isa = PBXTargetDependency;
			target = 320AA0DF1C75562B008D4E08 /* MultiTest */;
			targetProxy = 320AA0F61C75562B008D4E08 /* PBXContainerItemProxy */;
		};
/* End PBXTargetDependency section */

/* Begin PBXVariantGroup section */
		320AA0E91C75562B008D4E08 /* Main.storyboard */ = {
			isa = PBXVariantGroup;
			children = (
				320AA0EA1C75562B008D4E08 /* Base */,
			);
			name = Main.storyboard;
			sourceTree = "<group>";
		};
		320AA0EE1C75562B008D4E08 /* LaunchScreen.xib */ = {
			isa = PBXVariantGroup;
			children = (
				320AA0EF1C75562B008D4E08 /* Base */,
			);
			name = LaunchScreen.xib;
			sourceTree = "<group>";
		};
/* End PBXVariantGroup section */

/* Begin XCBuildConfiguration section */
		320AA0FD1C75562B008D4E08 /* Debug */ = {
			isa = XCBuildConfiguration;
			buildSettings = {
				ALWAYS_SEARCH_USER_PATHS = NO;
				CLANG_CXX_LANGUAGE_STANDARD = "gnu++0x";
				CLANG_CXX_LIBRARY = "libc++";
				CLANG_ENABLE_MODULES = YES;
				CLANG_ENABLE_OBJC_ARC = YES;
				CLANG_WARN_BOOL_CONVERSION = YES;
				CLANG_WARN_CONSTANT_CONVERSION = YES;
				CLANG_WARN_DIRECT_OBJC_ISA_USAGE = YES_ERROR;
				CLANG_WARN_EMPTY_BODY = YES;
				CLANG_WARN_ENUM_CONVERSION = YES;
				CLANG_WARN_INT_CONVERSION = YES;
				CLANG_WARN_OBJC_ROOT_CLASS = YES_ERROR;
				CLANG_WARN_UNREACHABLE_CODE = YES;
				CLANG_WARN__DUPLICATE_METHOD_MATCH = YES;
				"CODE_SIGN_IDENTITY[sdk=iphoneos*]" = "iPhone Developer";
				COPY_PHASE_STRIP = NO;
				DEBUG_INFORMATION_FORMAT = "dwarf-with-dsym";
				ENABLE_STRICT_OBJC_MSGSEND = YES;
				GCC_C_LANGUAGE_STANDARD = gnu99;
				GCC_DYNAMIC_NO_PIC = NO;
				GCC_NO_COMMON_BLOCKS = YES;
				GCC_OPTIMIZATION_LEVEL = 0;
				GCC_PREPROCESSOR_DEFINITIONS = (
					"DEBUG=1",
					"$(inherited)",
				);
				GCC_SYMBOLS_PRIVATE_EXTERN = NO;
				GCC_WARN_64_TO_32_BIT_CONVERSION = YES;
				GCC_WARN_ABOUT_RETURN_TYPE = YES_ERROR;
				GCC_WARN_UNDECLARED_SELECTOR = YES;
				GCC_WARN_UNINITIALIZED_AUTOS = YES_AGGRESSIVE;
				GCC_WARN_UNUSED_FUNCTION = YES;
				GCC_WARN_UNUSED_VARIABLE = YES;
				IPHONEOS_DEPLOYMENT_TARGET = 8.4;
				MTL_ENABLE_DEBUG_INFO = YES;
				ONLY_ACTIVE_ARCH = YES;
				SDKROOT = iphoneos;
				SWIFT_OPTIMIZATION_LEVEL = "-Onone";
			};
			name = Debug;
		};
		320AA0FE1C75562B008D4E08 /* Release */ = {
			isa = XCBuildConfiguration;
			buildSettings = {
				ALWAYS_SEARCH_USER_PATHS = NO;
				CLANG_CXX_LANGUAGE_STANDARD = "gnu++0x";
				CLANG_CXX_LIBRARY = "libc++";
				CLANG_ENABLE_MODULES = YES;
				CLANG_ENABLE_OBJC_ARC = YES;
				CLANG_WARN_BOOL_CONVERSION = YES;
				CLANG_WARN_CONSTANT_CONVERSION = YES;
				CLANG_WARN_DIRECT_OBJC_ISA_USAGE = YES_ERROR;
				CLANG_WARN_EMPTY_BODY = YES;
				CLANG_WARN_ENUM_CONVERSION = YES;
				CLANG_WARN_INT_CONVERSION = YES;
				CLANG_WARN_OBJC_ROOT_CLASS = YES_ERROR;
				CLANG_WARN_UNREACHABLE_CODE = YES;
				CLANG_WARN__DUPLICATE_METHOD_MATCH = YES;
				"CODE_SIGN_IDENTITY[sdk=iphoneos*]" = "iPhone Developer";
				COPY_PHASE_STRIP = NO;
				DEBUG_INFORMATION_FORMAT = "dwarf-with-dsym";
				ENABLE_NS_ASSERTIONS = NO;
				ENABLE_STRICT_OBJC_MSGSEND = YES;
				GCC_C_LANGUAGE_STANDARD = gnu99;
				GCC_NO_COMMON_BLOCKS = YES;
				GCC_WARN_64_TO_32_BIT_CONVERSION = YES;
				GCC_WARN_ABOUT_RETURN_TYPE = YES_ERROR;
				GCC_WARN_UNDECLARED_SELECTOR = YES;
				GCC_WARN_UNINITIALIZED_AUTOS = YES_AGGRESSIVE;
				GCC_WARN_UNUSED_FUNCTION = YES;
				GCC_WARN_UNUSED_VARIABLE = YES;
				IPHONEOS_DEPLOYMENT_TARGET = 8.4;
				MTL_ENABLE_DEBUG_INFO = NO;
				SDKROOT = iphoneos;
				VALIDATE_PRODUCT = YES;
			};
			name = Release;
		};
		320AA1001C75562B008D4E08 /* Debug */ = {
			isa = XCBuildConfiguration;
			buildSettings = {
				ASSETCATALOG_COMPILER_APPICON_NAME = AppIcon;
				"CODE_SIGN_IDENTITY[sdk=iphoneos*]" = "iPhone Developer";
				DEVELOPMENT_TEAM = "";
				INFOPLIST_FILE = MultiTest/Info.plist;
				LD_RUNPATH_SEARCH_PATHS = "$(inherited) @executable_path/Frameworks";
				PRODUCT_NAME = "$(TARGET_NAME)";
				PROVISIONING_PROFILE = "";
				PROVISIONING_PROFILE_SPECIFIER = "";
				SWIFT_VERSION = 3.0;
			};
			name = Debug;
		};
		320AA1011C75562B008D4E08 /* Release */ = {
			isa = XCBuildConfiguration;
			buildSettings = {
				ASSETCATALOG_COMPILER_APPICON_NAME = AppIcon;
				"CODE_SIGN_IDENTITY[sdk=iphoneos*]" = "iPhone Developer";
				DEVELOPMENT_TEAM = "";
				INFOPLIST_FILE = MultiTest/Info.plist;
				LD_RUNPATH_SEARCH_PATHS = "$(inherited) @executable_path/Frameworks";
				PRODUCT_NAME = "$(TARGET_NAME)";
				SWIFT_VERSION = 3.0;
			};
			name = Release;
		};
		320AA1031C75562B008D4E08 /* Debug */ = {
			isa = XCBuildConfiguration;
			buildSettings = {
				BUNDLE_LOADER = "$(TEST_HOST)";
				DEVELOPMENT_TEAM = "";
				FRAMEWORK_SEARCH_PATHS = (
					"$(SDKROOT)/Developer/Library/Frameworks",
					"$(inherited)",
				);
				GCC_PREPROCESSOR_DEFINITIONS = (
					"DEBUG=1",
					"$(inherited)",
				);
				INFOPLIST_FILE = MultiTestTests/Info.plist;
				LD_RUNPATH_SEARCH_PATHS = "$(inherited) @executable_path/Frameworks @loader_path/Frameworks";
				PRODUCT_NAME = "$(TARGET_NAME)";
				SWIFT_VERSION = 3.0;
				TEST_HOST = "$(BUILT_PRODUCTS_DIR)/MultiTest.app/MultiTest";
			};
			name = Debug;
		};
		320AA1041C75562B008D4E08 /* Release */ = {
			isa = XCBuildConfiguration;
			buildSettings = {
				BUNDLE_LOADER = "$(TEST_HOST)";
				DEVELOPMENT_TEAM = "";
				FRAMEWORK_SEARCH_PATHS = (
					"$(SDKROOT)/Developer/Library/Frameworks",
					"$(inherited)",
				);
				INFOPLIST_FILE = MultiTestTests/Info.plist;
				LD_RUNPATH_SEARCH_PATHS = "$(inherited) @executable_path/Frameworks @loader_path/Frameworks";
				PRODUCT_NAME = "$(TARGET_NAME)";
				SWIFT_VERSION = 3.0;
				TEST_HOST = "$(BUILT_PRODUCTS_DIR)/MultiTest.app/MultiTest";
			};
			name = Release;
		};
/* End XCBuildConfiguration section */

/* Begin XCConfigurationList section */
		320AA0DB1C75562B008D4E08 /* Build configuration list for PBXProject "MultiTest" */ = {
			isa = XCConfigurationList;
			buildConfigurations = (
				320AA0FD1C75562B008D4E08 /* Debug */,
				320AA0FE1C75562B008D4E08 /* Release */,
			);
			defaultConfigurationIsVisible = 0;
			defaultConfigurationName = Release;
		};
		320AA0FF1C75562B008D4E08 /* Build configuration list for PBXNativeTarget "MultiTest" */ = {
			isa = XCConfigurationList;
			buildConfigurations = (
				320AA1001C75562B008D4E08 /* Debug */,
				320AA1011C75562B008D4E08 /* Release */,
			);
			defaultConfigurationIsVisible = 0;
			defaultConfigurationName = Release;
		};
		320AA1021C75562B008D4E08 /* Build configuration list for PBXNativeTarget "MultiTestTests" */ = {
			isa = XCConfigurationList;
			buildConfigurations = (
				320AA1031C75562B008D4E08 /* Debug */,
				320AA1041C75562B008D4E08 /* Release */,
			);
			defaultConfigurationIsVisible = 0;
			defaultConfigurationName = Release;
		};
/* End XCConfigurationList section */
	};
	rootObject = 320AA0D81C75562B008D4E08 /* Project object */;
}
